// !$*UTF8*$!
{
	archiveVersion = 1;
	classes = {
	};
	objectVersion = 50;
	objects = {

/* Begin PBXBuildFile section */
		F24A197224BC014E00D8F042 /* AppDelegate.swift in Sources */ = {isa = PBXBuildFile; fileRef = F24A197124BC014E00D8F042 /* AppDelegate.swift */; };
		F24A197424BC014E00D8F042 /* SceneDelegate.swift in Sources */ = {isa = PBXBuildFile; fileRef = F24A197324BC014E00D8F042 /* SceneDelegate.swift */; };
		F24A197624BC014E00D8F042 /* ContentView.swift in Sources */ = {isa = PBXBuildFile; fileRef = F24A197524BC014E00D8F042 /* ContentView.swift */; };
		F24A197824BC014F00D8F042 /* Assets.xcassets in Resources */ = {isa = PBXBuildFile; fileRef = F24A197724BC014F00D8F042 /* Assets.xcassets */; };
		F24A197B24BC014F00D8F042 /* Preview Assets.xcassets in Resources */ = {isa = PBXBuildFile; fileRef = F24A197A24BC014F00D8F042 /* Preview Assets.xcassets */; };
		F24A197E24BC014F00D8F042 /* LaunchScreen.storyboard in Resources */ = {isa = PBXBuildFile; fileRef = F24A197C24BC014F00D8F042 /* LaunchScreen.storyboard */; };
		F24A198924BC014F00D8F042 /* DemoUberSwiftUITests.swift in Sources */ = {isa = PBXBuildFile; fileRef = F24A198824BC014F00D8F042 /* DemoUberSwiftUITests.swift */; };
		F24A199424BC014F00D8F042 /* DemoUberSwiftUIUITests.swift in Sources */ = {isa = PBXBuildFile; fileRef = F24A199324BC014F00D8F042 /* DemoUberSwiftUIUITests.swift */; };
/* End PBXBuildFile section */

/* Begin PBXContainerItemProxy section */
		F24A198524BC014F00D8F042 /* PBXContainerItemProxy */ = {
			isa = PBXContainerItemProxy;
			containerPortal = F24A196624BC014E00D8F042 /* Project object */;
			proxyType = 1;
			remoteGlobalIDString = F24A196D24BC014E00D8F042;
			remoteInfo = DemoUberSwiftUI;
		};
		F24A199024BC014F00D8F042 /* PBXContainerItemProxy */ = {
			isa = PBXContainerItemProxy;
			containerPortal = F24A196624BC014E00D8F042 /* Project object */;
			proxyType = 1;
			remoteGlobalIDString = F24A196D24BC014E00D8F042;
			remoteInfo = DemoUberSwiftUI;
		};
/* End PBXContainerItemProxy section */

/* Begin PBXFileReference section */
		F24A196E24BC014E00D8F042 /* DemoUberSwiftUI.app */ = {isa = PBXFileReference; explicitFileType = wrapper.application; includeInIndex = 0; path = DemoUberSwiftUI.app; sourceTree = BUILT_PRODUCTS_DIR; };
		F24A197124BC014E00D8F042 /* AppDelegate.swift */ = {isa = PBXFileReference; lastKnownFileType = sourcecode.swift; path = AppDelegate.swift; sourceTree = "<group>"; };
		F24A197324BC014E00D8F042 /* SceneDelegate.swift */ = {isa = PBXFileReference; lastKnownFileType = sourcecode.swift; path = SceneDelegate.swift; sourceTree = "<group>"; };
		F24A197524BC014E00D8F042 /* ContentView.swift */ = {isa = PBXFileReference; lastKnownFileType = sourcecode.swift; path = ContentView.swift; sourceTree = "<group>"; };
		F24A197724BC014F00D8F042 /* Assets.xcassets */ = {isa = PBXFileReference; lastKnownFileType = folder.assetcatalog; path = Assets.xcassets; sourceTree = "<group>"; };
		F24A197A24BC014F00D8F042 /* Preview Assets.xcassets */ = {isa = PBXFileReference; lastKnownFileType = folder.assetcatalog; path = "Preview Assets.xcassets"; sourceTree = "<group>"; };
		F24A197D24BC014F00D8F042 /* Base */ = {isa = PBXFileReference; lastKnownFileType = file.storyboard; name = Base; path = Base.lproj/LaunchScreen.storyboard; sourceTree = "<group>"; };
		F24A197F24BC014F00D8F042 /* Info.plist */ = {isa = PBXFileReference; lastKnownFileType = text.plist.xml; path = Info.plist; sourceTree = "<group>"; };
		F24A198424BC014F00D8F042 /* DemoUberSwiftUITests.xctest */ = {isa = PBXFileReference; explicitFileType = wrapper.cfbundle; includeInIndex = 0; path = DemoUberSwiftUITests.xctest; sourceTree = BUILT_PRODUCTS_DIR; };
		F24A198824BC014F00D8F042 /* DemoUberSwiftUITests.swift */ = {isa = PBXFileReference; lastKnownFileType = sourcecode.swift; path = DemoUberSwiftUITests.swift; sourceTree = "<group>"; };
		F24A198A24BC014F00D8F042 /* Info.plist */ = {isa = PBXFileReference; lastKnownFileType = text.plist.xml; path = Info.plist; sourceTree = "<group>"; };
		F24A198F24BC014F00D8F042 /* DemoUberSwiftUIUITests.xctest */ = {isa = PBXFileReference; explicitFileType = wrapper.cfbundle; includeInIndex = 0; path = DemoUberSwiftUIUITests.xctest; sourceTree = BUILT_PRODUCTS_DIR; };
		F24A199324BC014F00D8F042 /* DemoUberSwiftUIUITests.swift */ = {isa = PBXFileReference; lastKnownFileType = sourcecode.swift; path = DemoUberSwiftUIUITests.swift; sourceTree = "<group>"; };
		F24A199524BC014F00D8F042 /* Info.plist */ = {isa = PBXFileReference; lastKnownFileType = text.plist.xml; path = Info.plist; sourceTree = "<group>"; };
/* End PBXFileReference section */

/* Begin PBXFrameworksBuildPhase section */
		F24A196B24BC014E00D8F042 /* Frameworks */ = {
			isa = PBXFrameworksBuildPhase;
			buildActionMask = 2147483647;
			files = (
			);
			runOnlyForDeploymentPostprocessing = 0;
		};
		F24A198124BC014F00D8F042 /* Frameworks */ = {
			isa = PBXFrameworksBuildPhase;
			buildActionMask = 2147483647;
			files = (
			);
			runOnlyForDeploymentPostprocessing = 0;
		};
		F24A198C24BC014F00D8F042 /* Frameworks */ = {
			isa = PBXFrameworksBuildPhase;
			buildActionMask = 2147483647;
			files = (
			);
			runOnlyForDeploymentPostprocessing = 0;
		};
/* End PBXFrameworksBuildPhase section */

/* Begin PBXGroup section */
		F24A196524BC014E00D8F042 = {
			isa = PBXGroup;
			children = (
				F24A197024BC014E00D8F042 /* DemoUberSwiftUI */,
				F24A198724BC014F00D8F042 /* DemoUberSwiftUITests */,
				F24A199224BC014F00D8F042 /* DemoUberSwiftUIUITests */,
				F24A196F24BC014E00D8F042 /* Products */,
			);
			sourceTree = "<group>";
		};
		F24A196F24BC014E00D8F042 /* Products */ = {
			isa = PBXGroup;
			children = (
				F24A196E24BC014E00D8F042 /* DemoUberSwiftUI.app */,
				F24A198424BC014F00D8F042 /* DemoUberSwiftUITests.xctest */,
				F24A198F24BC014F00D8F042 /* DemoUberSwiftUIUITests.xctest */,
			);
			name = Products;
			sourceTree = "<group>";
		};
		F24A197024BC014E00D8F042 /* DemoUberSwiftUI */ = {
			isa = PBXGroup;
			children = (
				F24A197124BC014E00D8F042 /* AppDelegate.swift */,
				F24A197324BC014E00D8F042 /* SceneDelegate.swift */,
				F24A197524BC014E00D8F042 /* ContentView.swift */,
				F24A197724BC014F00D8F042 /* Assets.xcassets */,
				F24A197C24BC014F00D8F042 /* LaunchScreen.storyboard */,
				F24A197F24BC014F00D8F042 /* Info.plist */,
				F24A197924BC014F00D8F042 /* Preview Content */,
			);
			path = DemoUberSwiftUI;
			sourceTree = "<group>";
		};
		F24A197924BC014F00D8F042 /* Preview Content */ = {
			isa = PBXGroup;
			children = (
				F24A197A24BC014F00D8F042 /* Preview Assets.xcassets */,
			);
			path = "Preview Content";
			sourceTree = "<group>";
		};
		F24A198724BC014F00D8F042 /* DemoUberSwiftUITests */ = {
			isa = PBXGroup;
			children = (
				F24A198824BC014F00D8F042 /* DemoUberSwiftUITests.swift */,
				F24A198A24BC014F00D8F042 /* Info.plist */,
			);
			path = DemoUberSwiftUITests;
			sourceTree = "<group>";
		};
		F24A199224BC014F00D8F042 /* DemoUberSwiftUIUITests */ = {
			isa = PBXGroup;
			children = (
				F24A199324BC014F00D8F042 /* DemoUberSwiftUIUITests.swift */,
				F24A199524BC014F00D8F042 /* Info.plist */,
			);
			path = DemoUberSwiftUIUITests;
			sourceTree = "<group>";
		};
/* End PBXGroup section */

/* Begin PBXNativeTarget section */
		F24A196D24BC014E00D8F042 /* DemoUberSwiftUI */ = {
			isa = PBXNativeTarget;
			buildConfigurationList = F24A199824BC014F00D8F042 /* Build configuration list for PBXNativeTarget "DemoUberSwiftUI" */;
			buildPhases = (
				F24A196A24BC014E00D8F042 /* Sources */,
				F24A196B24BC014E00D8F042 /* Frameworks */,
				F24A196C24BC014E00D8F042 /* Resources */,
			);
			buildRules = (
			);
			dependencies = (
			);
			name = DemoUberSwiftUI;
			productName = DemoUberSwiftUI;
			productReference = F24A196E24BC014E00D8F042 /* DemoUberSwiftUI.app */;
			productType = "com.apple.product-type.application";
		};
		F24A198324BC014F00D8F042 /* DemoUberSwiftUITests */ = {
			isa = PBXNativeTarget;
			buildConfigurationList = F24A199B24BC014F00D8F042 /* Build configuration list for PBXNativeTarget "DemoUberSwiftUITests" */;
			buildPhases = (
				F24A198024BC014F00D8F042 /* Sources */,
				F24A198124BC014F00D8F042 /* Frameworks */,
				F24A198224BC014F00D8F042 /* Resources */,
			);
			buildRules = (
			);
			dependencies = (
				F24A198624BC014F00D8F042 /* PBXTargetDependency */,
			);
			name = DemoUberSwiftUITests;
			productName = DemoUberSwiftUITests;
			productReference = F24A198424BC014F00D8F042 /* DemoUberSwiftUITests.xctest */;
			productType = "com.apple.product-type.bundle.unit-test";
		};
		F24A198E24BC014F00D8F042 /* DemoUberSwiftUIUITests */ = {
			isa = PBXNativeTarget;
			buildConfigurationList = F24A199E24BC014F00D8F042 /* Build configuration list for PBXNativeTarget "DemoUberSwiftUIUITests" */;
			buildPhases = (
				F24A198B24BC014F00D8F042 /* Sources */,
				F24A198C24BC014F00D8F042 /* Frameworks */,
				F24A198D24BC014F00D8F042 /* Resources */,
			);
			buildRules = (
			);
			dependencies = (
				F24A199124BC014F00D8F042 /* PBXTargetDependency */,
			);
			name = DemoUberSwiftUIUITests;
			productName = DemoUberSwiftUIUITests;
			productReference = F24A198F24BC014F00D8F042 /* DemoUberSwiftUIUITests.xctest */;
			productType = "com.apple.product-type.bundle.ui-testing";
		};
/* End PBXNativeTarget section */

/* Begin PBXProject section */
		F24A196624BC014E00D8F042 /* Project object */ = {
			isa = PBXProject;
			attributes = {
				LastSwiftUpdateCheck = 1150;
				LastUpgradeCheck = 1150;
				ORGANIZATIONNAME = "Bao Vu";
				TargetAttributes = {
					F24A196D24BC014E00D8F042 = {
						CreatedOnToolsVersion = 11.5;
					};
					F24A198324BC014F00D8F042 = {
						CreatedOnToolsVersion = 11.5;
						TestTargetID = F24A196D24BC014E00D8F042;
					};
					F24A198E24BC014F00D8F042 = {
						CreatedOnToolsVersion = 11.5;
						TestTargetID = F24A196D24BC014E00D8F042;
					};
				};
			};
			buildConfigurationList = F24A196924BC014E00D8F042 /* Build configuration list for PBXProject "DemoUberSwiftUI" */;
			compatibilityVersion = "Xcode 9.3";
			developmentRegion = en;
			hasScannedForEncodings = 0;
			knownRegions = (
				en,
				Base,
			);
			mainGroup = F24A196524BC014E00D8F042;
			productRefGroup = F24A196F24BC014E00D8F042 /* Products */;
			projectDirPath = "";
			projectRoot = "";
			targets = (
				F24A196D24BC014E00D8F042 /* DemoUberSwiftUI */,
				F24A198324BC014F00D8F042 /* DemoUberSwiftUITests */,
				F24A198E24BC014F00D8F042 /* DemoUberSwiftUIUITests */,
			);
		};
/* End PBXProject section */

/* Begin PBXResourcesBuildPhase section */
		F24A196C24BC014E00D8F042 /* Resources */ = {
			isa = PBXResourcesBuildPhase;
			buildActionMask = 2147483647;
			files = (
				F24A197E24BC014F00D8F042 /* LaunchScreen.storyboard in Resources */,
				F24A197B24BC014F00D8F042 /* Preview Assets.xcassets in Resources */,
				F24A197824BC014F00D8F042 /* Assets.xcassets in Resources */,
			);
			runOnlyForDeploymentPostprocessing = 0;
		};
		F24A198224BC014F00D8F042 /* Resources */ = {
			isa = PBXResourcesBuildPhase;
			buildActionMask = 2147483647;
			files = (
			);
			runOnlyForDeploymentPostprocessing = 0;
		};
		F24A198D24BC014F00D8F042 /* Resources */ = {
			isa = PBXResourcesBuildPhase;
			buildActionMask = 2147483647;
			files = (
			);
			runOnlyForDeploymentPostprocessing = 0;
		};
/* End PBXResourcesBuildPhase section */

/* Begin PBXSourcesBuildPhase section */
		F24A196A24BC014E00D8F042 /* Sources */ = {
			isa = PBXSourcesBuildPhase;
			buildActionMask = 2147483647;
			files = (
				F24A197224BC014E00D8F042 /* AppDelegate.swift in Sources */,
				F24A197424BC014E00D8F042 /* SceneDelegate.swift in Sources */,
				F24A197624BC014E00D8F042 /* ContentView.swift in Sources */,
			);
			runOnlyForDeploymentPostprocessing = 0;
		};
		F24A198024BC014F00D8F042 /* Sources */ = {
			isa = PBXSourcesBuildPhase;
			buildActionMask = 2147483647;
			files = (
				F24A198924BC014F00D8F042 /* DemoUberSwiftUITests.swift in Sources */,
			);
			runOnlyForDeploymentPostprocessing = 0;
		};
		F24A198B24BC014F00D8F042 /* Sources */ = {
			isa = PBXSourcesBuildPhase;
			buildActionMask = 2147483647;
			files = (
				F24A199424BC014F00D8F042 /* DemoUberSwiftUIUITests.swift in Sources */,
			);
			runOnlyForDeploymentPostprocessing = 0;
		};
/* End PBXSourcesBuildPhase section */

/* Begin PBXTargetDependency section */
		F24A198624BC014F00D8F042 /* PBXTargetDependency */ = {
			isa = PBXTargetDependency;
			target = F24A196D24BC014E00D8F042 /* DemoUberSwiftUI */;
			targetProxy = F24A198524BC014F00D8F042 /* PBXContainerItemProxy */;
		};
		F24A199124BC014F00D8F042 /* PBXTargetDependency */ = {
			isa = PBXTargetDependency;
			target = F24A196D24BC014E00D8F042 /* DemoUberSwiftUI */;
			targetProxy = F24A199024BC014F00D8F042 /* PBXContainerItemProxy */;
		};
/* End PBXTargetDependency section */

/* Begin PBXVariantGroup section */
		F24A197C24BC014F00D8F042 /* LaunchScreen.storyboard */ = {
			isa = PBXVariantGroup;
			children = (
				F24A197D24BC014F00D8F042 /* Base */,
			);
			name = LaunchScreen.storyboard;
			sourceTree = "<group>";
		};
/* End PBXVariantGroup section */

/* Begin XCBuildConfiguration section */
		F24A199624BC014F00D8F042 /* Debug */ = {
			isa = XCBuildConfiguration;
			buildSettings = {
				ALWAYS_SEARCH_USER_PATHS = NO;
				CLANG_ANALYZER_NONNULL = YES;
				CLANG_ANALYZER_NUMBER_OBJECT_CONVERSION = YES_AGGRESSIVE;
				CLANG_CXX_LANGUAGE_STANDARD = "gnu++14";
				CLANG_CXX_LIBRARY = "libc++";
				CLANG_ENABLE_MODULES = YES;
				CLANG_ENABLE_OBJC_ARC = YES;
				CLANG_ENABLE_OBJC_WEAK = YES;
				CLANG_WARN_BLOCK_CAPTURE_AUTORELEASING = YES;
				CLANG_WARN_BOOL_CONVERSION = YES;
				CLANG_WARN_COMMA = YES;
				CLANG_WARN_CONSTANT_CONVERSION = YES;
				CLANG_WARN_DEPRECATED_OBJC_IMPLEMENTATIONS = YES;
				CLANG_WARN_DIRECT_OBJC_ISA_USAGE = YES_ERROR;
				CLANG_WARN_DOCUMENTATION_COMMENTS = YES;
				CLANG_WARN_EMPTY_BODY = YES;
				CLANG_WARN_ENUM_CONVERSION = YES;
				CLANG_WARN_INFINITE_RECURSION = YES;
				CLANG_WARN_INT_CONVERSION = YES;
				CLANG_WARN_NON_LITERAL_NULL_CONVERSION = YES;
				CLANG_WARN_OBJC_IMPLICIT_RETAIN_SELF = YES;
				CLANG_WARN_OBJC_LITERAL_CONVERSION = YES;
				CLANG_WARN_OBJC_ROOT_CLASS = YES_ERROR;
				CLANG_WARN_RANGE_LOOP_ANALYSIS = YES;
				CLANG_WARN_STRICT_PROTOTYPES = YES;
				CLANG_WARN_SUSPICIOUS_MOVE = YES;
				CLANG_WARN_UNGUARDED_AVAILABILITY = YES_AGGRESSIVE;
				CLANG_WARN_UNREACHABLE_CODE = YES;
				CLANG_WARN__DUPLICATE_METHOD_MATCH = YES;
				COPY_PHASE_STRIP = NO;
				DEBUG_INFORMATION_FORMAT = dwarf;
				ENABLE_STRICT_OBJC_MSGSEND = YES;
				ENABLE_TESTABILITY = YES;
				GCC_C_LANGUAGE_STANDARD = gnu11;
				GCC_DYNAMIC_NO_PIC = NO;
				GCC_NO_COMMON_BLOCKS = YES;
				GCC_OPTIMIZATION_LEVEL = 0;
				GCC_PREPROCESSOR_DEFINITIONS = (
					"DEBUG=1",
					"$(inherited)",
				);
				GCC_WARN_64_TO_32_BIT_CONVERSION = YES;
				GCC_WARN_ABOUT_RETURN_TYPE = YES_ERROR;
				GCC_WARN_UNDECLARED_SELECTOR = YES;
				GCC_WARN_UNINITIALIZED_AUTOS = YES_AGGRESSIVE;
				GCC_WARN_UNUSED_FUNCTION = YES;
				GCC_WARN_UNUSED_VARIABLE = YES;
				IPHONEOS_DEPLOYMENT_TARGET = 13.5;
				MTL_ENABLE_DEBUG_INFO = INCLUDE_SOURCE;
				MTL_FAST_MATH = YES;
				ONLY_ACTIVE_ARCH = YES;
				SDKROOT = iphoneos;
				SWIFT_ACTIVE_COMPILATION_CONDITIONS = DEBUG;
				SWIFT_OPTIMIZATION_LEVEL = "-Onone";
			};
			name = Debug;
		};
		F24A199724BC014F00D8F042 /* Release */ = {
			isa = XCBuildConfiguration;
			buildSettings = {
				ALWAYS_SEARCH_USER_PATHS = NO;
				CLANG_ANALYZER_NONNULL = YES;
				CLANG_ANALYZER_NUMBER_OBJECT_CONVERSION = YES_AGGRESSIVE;
				CLANG_CXX_LANGUAGE_STANDARD = "gnu++14";
				CLANG_CXX_LIBRARY = "libc++";
				CLANG_ENABLE_MODULES = YES;
				CLANG_ENABLE_OBJC_ARC = YES;
				CLANG_ENABLE_OBJC_WEAK = YES;
				CLANG_WARN_BLOCK_CAPTURE_AUTORELEASING = YES;
				CLANG_WARN_BOOL_CONVERSION = YES;
				CLANG_WARN_COMMA = YES;
				CLANG_WARN_CONSTANT_CONVERSION = YES;
				CLANG_WARN_DEPRECATED_OBJC_IMPLEMENTATIONS = YES;
				CLANG_WARN_DIRECT_OBJC_ISA_USAGE = YES_ERROR;
				CLANG_WARN_DOCUMENTATION_COMMENTS = YES;
				CLANG_WARN_EMPTY_BODY = YES;
				CLANG_WARN_ENUM_CONVERSION = YES;
				CLANG_WARN_INFINITE_RECURSION = YES;
				CLANG_WARN_INT_CONVERSION = YES;
				CLANG_WARN_NON_LITERAL_NULL_CONVERSION = YES;
				CLANG_WARN_OBJC_IMPLICIT_RETAIN_SELF = YES;
				CLANG_WARN_OBJC_LITERAL_CONVERSION = YES;
				CLANG_WARN_OBJC_ROOT_CLASS = YES_ERROR;
				CLANG_WARN_RANGE_LOOP_ANALYSIS = YES;
				CLANG_WARN_STRICT_PROTOTYPES = YES;
				CLANG_WARN_SUSPICIOUS_MOVE = YES;
				CLANG_WARN_UNGUARDED_AVAILABILITY = YES_AGGRESSIVE;
				CLANG_WARN_UNREACHABLE_CODE = YES;
				CLANG_WARN__DUPLICATE_METHOD_MATCH = YES;
				COPY_PHASE_STRIP = NO;
				DEBUG_INFORMATION_FORMAT = "dwarf-with-dsym";
				ENABLE_NS_ASSERTIONS = NO;
				ENABLE_STRICT_OBJC_MSGSEND = YES;
				GCC_C_LANGUAGE_STANDARD = gnu11;
				GCC_NO_COMMON_BLOCKS = YES;
				GCC_WARN_64_TO_32_BIT_CONVERSION = YES;
				GCC_WARN_ABOUT_RETURN_TYPE = YES_ERROR;
				GCC_WARN_UNDECLARED_SELECTOR = YES;
				GCC_WARN_UNINITIALIZED_AUTOS = YES_AGGRESSIVE;
				GCC_WARN_UNUSED_FUNCTION = YES;
				GCC_WARN_UNUSED_VARIABLE = YES;
				IPHONEOS_DEPLOYMENT_TARGET = 13.5;
				MTL_ENABLE_DEBUG_INFO = NO;
				MTL_FAST_MATH = YES;
				SDKROOT = iphoneos;
				SWIFT_COMPILATION_MODE = wholemodule;
				SWIFT_OPTIMIZATION_LEVEL = "-O";
				VALIDATE_PRODUCT = YES;
			};
			name = Release;
		};
		F24A199924BC014F00D8F042 /* Debug */ = {
			isa = XCBuildConfiguration;
			buildSettings = {
				ASSETCATALOG_COMPILER_APPICON_NAME = AppIcon;
				CODE_SIGN_STYLE = Automatic;
				DEVELOPMENT_ASSET_PATHS = "\"DemoUberSwiftUI/Preview Content\"";
				DEVELOPMENT_TEAM = RPTDRCVD26;
				ENABLE_PREVIEWS = YES;
				INFOPLIST_FILE = DemoUberSwiftUI/Info.plist;
				LD_RUNPATH_SEARCH_PATHS = (
					"$(inherited)",
					"@executable_path/Frameworks",
				);
				PRODUCT_BUNDLE_IDENTIFIER = "com.BaoVu-Apps.DemoUberSwiftUI";
				PRODUCT_NAME = "$(TARGET_NAME)";
				SWIFT_VERSION = 5.0;
				TARGETED_DEVICE_FAMILY = "1,2";
			};
			name = Debug;
		};
		F24A199A24BC014F00D8F042 /* Release */ = {
			isa = XCBuildConfiguration;
			buildSettings = {
				ASSETCATALOG_COMPILER_APPICON_NAME = AppIcon;
				CODE_SIGN_STYLE = Automatic;
				DEVELOPMENT_ASSET_PATHS = "\"DemoUberSwiftUI/Preview Content\"";
				DEVELOPMENT_TEAM = RPTDRCVD26;
				ENABLE_PREVIEWS = YES;
				INFOPLIST_FILE = DemoUberSwiftUI/Info.plist;
				LD_RUNPATH_SEARCH_PATHS = (
					"$(inherited)",
					"@executable_path/Frameworks",
				);
				PRODUCT_BUNDLE_IDENTIFIER = "com.BaoVu-Apps.DemoUberSwiftUI";
				PRODUCT_NAME = "$(TARGET_NAME)";
				SWIFT_VERSION = 5.0;
				TARGETED_DEVICE_FAMILY = "1,2";
			};
			name = Release;
		};
		F24A199C24BC014F00D8F042 /* Debug */ = {
			isa = XCBuildConfiguration;
			buildSettings = {
				ALWAYS_EMBED_SWIFT_STANDARD_LIBRARIES = YES;
				BUNDLE_LOADER = "$(TEST_HOST)";
				CODE_SIGN_STYLE = Automatic;
				DEVELOPMENT_TEAM = RPTDRCVD26;
				INFOPLIST_FILE = DemoUberSwiftUITests/Info.plist;
				IPHONEOS_DEPLOYMENT_TARGET = 13.5;
				LD_RUNPATH_SEARCH_PATHS = (
					"$(inherited)",
					"@executable_path/Frameworks",
					"@loader_path/Frameworks",
				);
				PRODUCT_BUNDLE_IDENTIFIER = "com.BaoVu-Apps.DemoUberSwiftUITests";
				PRODUCT_NAME = "$(TARGET_NAME)";
				SWIFT_VERSION = 5.0;
				TARGETED_DEVICE_FAMILY = "1,2";
				TEST_HOST = "$(BUILT_PRODUCTS_DIR)/DemoUberSwiftUI.app/DemoUberSwiftUI";
			};
			name = Debug;
		};
		F24A199D24BC014F00D8F042 /* Release */ = {
			isa = XCBuildConfiguration;
			buildSettings = {
				ALWAYS_EMBED_SWIFT_STANDARD_LIBRARIES = YES;
				BUNDLE_LOADER = "$(TEST_HOST)";
				CODE_SIGN_STYLE = Automatic;
				DEVELOPMENT_TEAM = RPTDRCVD26;
				INFOPLIST_FILE = DemoUberSwiftUITests/Info.plist;
				IPHONEOS_DEPLOYMENT_TARGET = 13.5;
				LD_RUNPATH_SEARCH_PATHS = (
					"$(inherited)",
					"@executable_path/Frameworks",
					"@loader_path/Frameworks",
				);
				PRODUCT_BUNDLE_IDENTIFIER = "com.BaoVu-Apps.DemoUberSwiftUITests";
				PRODUCT_NAME = "$(TARGET_NAME)";
				SWIFT_VERSION = 5.0;
				TARGETED_DEVICE_FAMILY = "1,2";
				TEST_HOST = "$(BUILT_PRODUCTS_DIR)/DemoUberSwiftUI.app/DemoUberSwiftUI";
			};
			name = Release;
		};
		F24A199F24BC014F00D8F042 /* Debug */ = {
			isa = XCBuildConfiguration;
			buildSettings = {
				ALWAYS_EMBED_SWIFT_STANDARD_LIBRARIES = YES;
				CODE_SIGN_STYLE = Automatic;
				DEVELOPMENT_TEAM = RPTDRCVD26;
				INFOPLIST_FILE = DemoUberSwiftUIUITests/Info.plist;
				LD_RUNPATH_SEARCH_PATHS = (
					"$(inherited)",
					"@executable_path/Frameworks",
					"@loader_path/Frameworks",
				);
				PRODUCT_BUNDLE_IDENTIFIER = "com.BaoVu-Apps.DemoUberSwiftUIUITests";
				PRODUCT_NAME = "$(TARGET_NAME)";
				SWIFT_VERSION = 5.0;
				TARGETED_DEVICE_FAMILY = "1,2";
				TEST_TARGET_NAME = DemoUberSwiftUI;
			};
			name = Debug;
		};
		F24A19A024BC014F00D8F042 /* Release */ = {
			isa = XCBuildConfiguration;
			buildSettings = {
				ALWAYS_EMBED_SWIFT_STANDARD_LIBRARIES = YES;
				CODE_SIGN_STYLE = Automatic;
				DEVELOPMENT_TEAM = RPTDRCVD26;
				INFOPLIST_FILE = DemoUberSwiftUIUITests/Info.plist;
				LD_RUNPATH_SEARCH_PATHS = (
					"$(inherited)",
					"@executable_path/Frameworks",
					"@loader_path/Frameworks",
				);
				PRODUCT_BUNDLE_IDENTIFIER = "com.BaoVu-Apps.DemoUberSwiftUIUITests";
				PRODUCT_NAME = "$(TARGET_NAME)";
				SWIFT_VERSION = 5.0;
				TARGETED_DEVICE_FAMILY = "1,2";
				TEST_TARGET_NAME = DemoUberSwiftUI;
			};
			name = Release;
		};
/* End XCBuildConfiguration section */

/* Begin XCConfigurationList section */
		F24A196924BC014E00D8F042 /* Build configuration list for PBXProject "DemoUberSwiftUI" */ = {
			isa = XCConfigurationList;
			buildConfigurations = (
				F24A199624BC014F00D8F042 /* Debug */,
				F24A199724BC014F00D8F042 /* Release */,
			);
			defaultConfigurationIsVisible = 0;
			defaultConfigurationName = Release;
		};
		F24A199824BC014F00D8F042 /* Build configuration list for PBXNativeTarget "DemoUberSwiftUI" */ = {
			isa = XCConfigurationList;
			buildConfigurations = (
				F24A199924BC014F00D8F042 /* Debug */,
				F24A199A24BC014F00D8F042 /* Release */,
			);
			defaultConfigurationIsVisible = 0;
			defaultConfigurationName = Release;
		};
		F24A199B24BC014F00D8F042 /* Build configuration list for PBXNativeTarget "DemoUberSwiftUITests" */ = {
			isa = XCConfigurationList;
			buildConfigurations = (
				F24A199C24BC014F00D8F042 /* Debug */,
				F24A199D24BC014F00D8F042 /* Release */,
			);
			defaultConfigurationIsVisible = 0;
			defaultConfigurationName = Release;
		};
		F24A199E24BC014F00D8F042 /* Build configuration list for PBXNativeTarget "DemoUberSwiftUIUITests" */ = {
			isa = XCConfigurationList;
			buildConfigurations = (
				F24A199F24BC014F00D8F042 /* Debug */,
				F24A19A024BC014F00D8F042 /* Release */,
			);
			defaultConfigurationIsVisible = 0;
			defaultConfigurationName = Release;
		};
/* End XCConfigurationList section */
	};
	rootObject = F24A196624BC014E00D8F042 /* Project object */;
}
